
Microsoft Visual Studio Solution File, Format Version 12.00
# Visual Studio 2012
Project("{FAE04EC0-301F-11D3-BF4B-00C04F79EFBC}") = "TestingTask", "TestingTask.csproj", "{454D3744-A11B-47BB-B98E-29606748F2ED}"
EndProject
Project("{FAE04EC0-301F-11D3-BF4B-00C04F79EFBC}") = "NUnit demo", "..\NUnit demo\NUnit demo.csproj", "{5CF6C4C2-77AA-4F25-8433-D150EAC4FC4B}"
EndProject
Global
	GlobalSection(SolutionConfigurationPlatforms) = preSolution
		Debug|Any CPU = Debug|Any CPU
		Release|Any CPU = Release|Any CPU
	EndGlobalSection
	GlobalSection(ProjectConfigurationPlatforms) = postSolution
		{454D3744-A11B-47BB-B98E-29606748F2ED}.Debug|Any CPU.ActiveCfg = Debug|Any CPU
		{454D3744-A11B-47BB-B98E-29606748F2ED}.Debug|Any CPU.Build.0 = Debug|Any CPU
		{454D3744-A11B-47BB-B98E-29606748F2ED}.Release|Any CPU.ActiveCfg = Release|Any CPU
		{454D3744-A11B-47BB-B98E-29606748F2ED}.Release|Any CPU.Build.0 = Release|Any CPU
		{5CF6C4C2-77AA-4F25-8433-D150EAC4FC4B}.Debug|Any CPU.ActiveCfg = Debug|Any CPU
		{5CF6C4C2-77AA-4F25-8433-D150EAC4FC4B}.Debug|Any CPU.Build.0 = Debug|Any CPU
		{5CF6C4C2-77AA-4F25-8433-D150EAC4FC4B}.Release|Any CPU.ActiveCfg = Release|Any CPU
		{5CF6C4C2-77AA-4F25-8433-D150EAC4FC4B}.Release|Any CPU.Build.0 = Release|Any CPU
	EndGlobalSection
	GlobalSection(SolutionProperties) = preSolution
		HideSolutionNode = FALSE
	EndGlobalSection
EndGlobal
